#MicroXplorer Configuration settings - do not modify
CAN.CalculateTimeBit=6000
CAN.CalculateTimeQuantum=2000.0
CAN.IPParameters=CalculateTimeQuantum,CalculateTimeBit
File.Version=6
KeepUserPlacement=false
Mcu.Family=STM32F0
Mcu.IP0=ADC
Mcu.IP1=CAN
Mcu.IP2=I2C1
Mcu.IP3=NVIC
Mcu.IP4=RCC
Mcu.IP5=SYS
Mcu.IP6=TIM1
Mcu.IP7=TIM2
Mcu.IP8=TIM14
Mcu.IP9=USART2
Mcu.IPNb=10
Mcu.Name=STM32F042F6Px
Mcu.Package=TSSOP20
Mcu.Pin0=PB8
Mcu.Pin1=PF0-OSC_IN
Mcu.Pin10=PA11
Mcu.Pin11=PA12
Mcu.Pin12=PA13
Mcu.Pin13=PA14
Mcu.Pin14=VP_ADC_TempSens_Input
Mcu.Pin15=VP_SYS_VS_PINREMAP
Mcu.Pin16=VP_TIM1_VS_ControllerModeClock
Mcu.Pin17=VP_TIM14_VS_ClockSourceINT
Mcu.Pin2=PA0
Mcu.Pin3=PA1
Mcu.Pin4=PA2
Mcu.Pin5=PA3
Mcu.Pin6=PA4
Mcu.Pin7=PA5
Mcu.Pin8=PA7
Mcu.Pin9=PB1
Mcu.PinsNb=18
Mcu.UserConstants=
Mcu.UserName=STM32F042F6Px
MxCube.Version=4.20.1
MxDb.Version=DB.4.0.200
NVIC.HardFault_IRQn=true\:0\:0\:false\:false\:true
NVIC.NonMaskableInt_IRQn=true\:0\:0\:false\:false\:true
NVIC.PendSV_IRQn=true\:0\:0\:false\:false\:true
NVIC.SVC_IRQn=true\:0\:0\:false\:false\:true
NVIC.SysTick_IRQn=true\:0\:0\:false\:false\:true
PA0.Locked=true
PA0.Signal=S_TIM2_CH1_ETR
PA1.Locked=true
PA1.Signal=S_TIM2_CH2
PA11.Locked=true
PA11.Mode=Master
PA11.Signal=CAN_RX
PA12.Locked=true
PA12.Mode=Master
PA12.Signal=CAN_TX
PA13.Mode=Serial_Wire
PA13.Signal=SYS_SWDIO
PA14.Mode=Serial_Wire
PA14.Signal=SYS_SWCLK
PA2.Locked=true
PA2.Mode=Asynchronous
PA2.Signal=USART2_TX
PA3.Locked=true
PA3.Mode=Asynchronous
PA3.Signal=USART2_RX
PA4.Locked=true
PA4.Signal=S_TIM14_CH1
PA5.Locked=true
PA5.Mode=IN5
PA5.Signal=ADC_IN5
PA7.Locked=true
PA7.Mode=PWM Generation1 CH1N
PA7.Signal=TIM1_CH1N
PB1.Locked=true
PB1.Mode=PWM Generation3 CH3N
PB1.Signal=TIM1_CH3N
PB8.Locked=true
PB8.Mode=I2C
PB8.Signal=I2C1_SCL
PCC.Checker=false
PCC.Line=STM32F0x2
PCC.MCU=STM32F042F6Px
PCC.MXVersion=4.20.1
PCC.PartNumber=STM32F042F6Px
PCC.Seq0=0
PCC.Series=STM32F0
PCC.Temperature=25
PCC.Vdd=3.6
PF0-OSC_IN.Locked=true
PF0-OSC_IN.Mode=I2C
PF0-OSC_IN.Signal=I2C1_SDA
RCC.CECFreq_Value=32786.88524590164
RCC.FamilyName=M
RCC.HSICECFreq_Value=32786.88524590164
RCC.IPParameters=CECFreq_Value,FamilyName,HSICECFreq_Value,PLLCLKFreq_Value,TimSysFreq_Value,VCOOutput2Freq_Value
RCC.PLLCLKFreq_Value=16000000
RCC.TimSysFreq_Value=8000000
RCC.VCOOutput2Freq_Value=8000000
SH.S_TIM14_CH1.0=TIM14_CH1,PWM Generation1 CH1
SH.S_TIM14_CH1.ConfNb=1
SH.S_TIM2_CH1_ETR.0=TIM2_CH1,Encoder_Interface
SH.S_TIM2_CH1_ETR.ConfNb=1
SH.S_TIM2_CH2.0=TIM2_CH2,Encoder_Interface
SH.S_TIM2_CH2.ConfNb=1
TIM14.Channel=TIM_CHANNEL_1
TIM14.IPParameters=Channel
USART2.IPParameters=VirtualMode-Asynchronous
USART2.VirtualMode-Asynchronous=VM_ASYNC
VP_ADC_TempSens_Input.Mode=IN-TempSens
VP_ADC_TempSens_Input.Signal=ADC_TempSens_Input
VP_SYS_VS_PINREMAP.Mode=PINREMAP
VP_SYS_VS_PINREMAP.Signal=SYS_VS_PINREMAP
VP_TIM14_VS_ClockSourceINT.Mode=Enable_Timer
VP_TIM14_VS_ClockSourceINT.Signal=TIM14_VS_ClockSourceINT
VP_TIM1_VS_ControllerModeClock.Mode=Clock Mode
VP_TIM1_VS_ControllerModeClock.Signal=TIM1_VS_ControllerModeClock
